
Microsoft Visual Studio Solution File, Format Version 12.00
# Visual Studio Version 16
VisualStudioVersion = 16.0.31613.86
MinimumVisualStudioVersion = 10.0.40219.1
Project("{FAE04EC0-301F-11D3-BF4B-00C04F79EFBC}") = "UnitTest2_9", "UnitTest2_9.csproj", "{CCEDC299-0723-4C8C-8B80-9F9BDF9F452A}"
EndProject
Global
	GlobalSection(SolutionConfigurationPlatforms) = preSolution
		Debug|Any CPU = Debug|Any CPU
		Release|Any CPU = Release|Any CPU
	EndGlobalSection
	GlobalSection(ProjectConfigurationPlatforms) = postSolution
		{CCEDC299-0723-4C8C-8B80-9F9BDF9F452A}.Debug|Any CPU.ActiveCfg = Debug|Any CPU
		{CCEDC299-0723-4C8C-8B80-9F9BDF9F452A}.Debug|Any CPU.Build.0 = Debug|Any CPU
		{CCEDC299-0723-4C8C-8B80-9F9BDF9F452A}.Release|Any CPU.ActiveCfg = Release|Any CPU
		{CCEDC299-0723-4C8C-8B80-9F9BDF9F452A}.Release|Any CPU.Build.0 = Release|Any CPU
	EndGlobalSection
	GlobalSection(SolutionProperties) = preSolution
		HideSolutionNode = FALSE
	EndGlobalSection
	GlobalSection(ExtensibilityGlobals) = postSolution
		SolutionGuid = {BAB145EC-F73C-4E70-9CA5-46E840E331F6}
	EndGlobalSection
EndGlobal
